// !$*UTF8*$!
{
	archiveVersion = 1;
	classes = {
	};
	objectVersion = 46;
	objects = {

/* Begin PBXBuildFile section */
		D94CBDFE1C40C9B900E41A14 /* AppDelegate.swift in Sources */ = {isa = PBXBuildFile; fileRef = D94CBDFD1C40C9B900E41A14 /* AppDelegate.swift */; };
		D94CBE001C40C9B900E41A14 /* Assets.xcassets in Resources */ = {isa = PBXBuildFile; fileRef = D94CBDFF1C40C9B900E41A14 /* Assets.xcassets */; };
		D94CBE031C40C9B900E41A14 /* MainMenu.xib in Resources */ = {isa = PBXBuildFile; fileRef = D94CBE011C40C9B900E41A14 /* MainMenu.xib */; };
/* End PBXBuildFile section */

/* Begin PBXFileReference section */
		D94CBDFA1C40C9B900E41A14 /* SyncthingBar.app */ = {isa = PBXFileReference; explicitFileType = wrapper.application; includeInIndex = 0; path = SyncthingBar.app; sourceTree = BUILT_PRODUCTS_DIR; };
		D94CBDFD1C40C9B900E41A14 /* AppDelegate.swift */ = {isa = PBXFileReference; lastKnownFileType = sourcecode.swift; path = AppDelegate.swift; sourceTree = "<group>"; };
		D94CBDFF1C40C9B900E41A14 /* Assets.xcassets */ = {isa = PBXFileReference; lastKnownFileType = folder.assetcatalog; path = Assets.xcassets; sourceTree = "<group>"; };
		D94CBE021C40C9B900E41A14 /* Base */ = {isa = PBXFileReference; lastKnownFileType = file.xib; name = Base; path = Base.lproj/MainMenu.xib; sourceTree = "<group>"; };
		D94CBE041C40C9B900E41A14 /* Info.plist */ = {isa = PBXFileReference; lastKnownFileType = text.plist.xml; path = Info.plist; sourceTree = "<group>"; };
/* End PBXFileReference section */

/* Begin PBXFrameworksBuildPhase section */
		D94CBDF71C40C9B900E41A14 /* Frameworks */ = {
			isa = PBXFrameworksBuildPhase;
			buildActionMask = 2147483647;
			files = (
			);
			runOnlyForDeploymentPostprocessing = 0;
		};
/* End PBXFrameworksBuildPhase section */

/* Begin PBXGroup section */
		D94CBDF11C40C9B900E41A14 = {
			isa = PBXGroup;
			children = (
				D94CBDFC1C40C9B900E41A14 /* SyncthingBar */,
				D94CBDFB1C40C9B900E41A14 /* Products */,
			);
			sourceTree = "<group>";
		};
		D94CBDFB1C40C9B900E41A14 /* Products */ = {
			isa = PBXGroup;
			children = (
				D94CBDFA1C40C9B900E41A14 /* SyncthingBar.app */,
			);
			name = Products;
			sourceTree = "<group>";
		};
		D94CBDFC1C40C9B900E41A14 /* SyncthingBar */ = {
			isa = PBXGroup;
			children = (
				D94CBDFD1C40C9B900E41A14 /* AppDelegate.swift */,
				D94CBDFF1C40C9B900E41A14 /* Assets.xcassets */,
				D94CBE011C40C9B900E41A14 /* MainMenu.xib */,
				D94CBE041C40C9B900E41A14 /* Info.plist */,
			);
			path = SyncthingBar;
			sourceTree = "<group>";
		};
/* End PBXGroup section */

/* Begin PBXNativeTarget section */
		D94CBDF91C40C9B900E41A14 /* SyncthingBar */ = {
			isa = PBXNativeTarget;
			buildConfigurationList = D94CBE071C40C9B900E41A14 /* Build configuration list for PBXNativeTarget "SyncthingBar" */;
			buildPhases = (
				D94CBDF61C40C9B900E41A14 /* Sources */,
				D94CBDF71C40C9B900E41A14 /* Frameworks */,
				D94CBDF81C40C9B900E41A14 /* Resources */,
			);
			buildRules = (
			);
			dependencies = (
			);
			name = SyncthingBar;
			productName = SyncthingBar;
			productReference = D94CBDFA1C40C9B900E41A14 /* SyncthingBar.app */;
			productType = "com.apple.product-type.application";
		};
/* End PBXNativeTarget section */

/* Begin PBXProject section */
		D94CBDF21C40C9B900E41A14 /* Project object */ = {
			isa = PBXProject;
			attributes = {
				LastSwiftUpdateCheck = 0720;
				LastUpgradeCheck = 0720;
				ORGANIZATIONNAME = "Alexey Kornilov";
				TargetAttributes = {
					D94CBDF91C40C9B900E41A14 = {
						CreatedOnToolsVersion = 7.2;
					};
				};
			};
			buildConfigurationList = D94CBDF51C40C9B900E41A14 /* Build configuration list for PBXProject "SyncthingBar" */;
			compatibilityVersion = "Xcode 3.2";
			developmentRegion = English;
			hasScannedForEncodings = 0;
			knownRegions = (
				en,
				Base,
			);
			mainGroup = D94CBDF11C40C9B900E41A14;
			productRefGroup = D94CBDFB1C40C9B900E41A14 /* Products */;
			projectDirPath = "";
			projectRoot = "";
			targets = (
				D94CBDF91C40C9B900E41A14 /* SyncthingBar */,
			);
		};
/* End PBXProject section */

/* Begin PBXResourcesBuildPhase section */
		D94CBDF81C40C9B900E41A14 /* Resources */ = {
			isa = PBXResourcesBuildPhase;
			buildActionMask = 2147483647;
			files = (
				D94CBE001C40C9B900E41A14 /* Assets.xcassets in Resources */,
				D94CBE031C40C9B900E41A14 /* MainMenu.xib in Resources */,
			);
			runOnlyForDeploymentPostprocessing = 0;
		};
/* End PBXResourcesBuildPhase section */

/* Begin PBXSourcesBuildPhase section */
		D94CBDF61C40C9B900E41A14 /* Sources */ = {
			isa = PBXSourcesBuildPhase;
			buildActionMask = 2147483647;
			files = (
				D94CBDFE1C40C9B900E41A14 /* AppDelegate.swift in Sources */,
			);
			runOnlyForDeploymentPostprocessing = 0;
		};
/* End PBXSourcesBuildPhase section */

/* Begin PBXVariantGroup section */
		D94CBE011C40C9B900E41A14 /* MainMenu.xib */ = {
			isa = PBXVariantGroup;
			children = (
				D94CBE021C40C9B900E41A14 /* Base */,
			);
			name = MainMenu.xib;
			sourceTree = "<group>";
		};
/* End PBXVariantGroup section */

/* Begin XCBuildConfiguration section */
		D94CBE051C40C9B900E41A14 /* Debug */ = {
			isa = XCBuildConfiguration;
			buildSettings = {
				ALWAYS_SEARCH_USER_PATHS = NO;
				CLANG_CXX_LANGUAGE_STANDARD = "gnu++0x";
				CLANG_CXX_LIBRARY = "libc++";
				CLANG_ENABLE_MODULES = YES;
				CLANG_ENABLE_OBJC_ARC = YES;
				CLANG_WARN_BOOL_CONVERSION = YES;
				CLANG_WARN_CONSTANT_CONVERSION = YES;
				CLANG_WARN_DIRECT_OBJC_ISA_USAGE = YES_ERROR;
				CLANG_WARN_EMPTY_BODY = YES;
				CLANG_WARN_ENUM_CONVERSION = YES;
				CLANG_WARN_INT_CONVERSION = YES;
				CLANG_WARN_OBJC_ROOT_CLASS = YES_ERROR;
				CLANG_WARN_UNREACHABLE_CODE = YES;
				CLANG_WARN__DUPLICATE_METHOD_MATCH = YES;
				CODE_SIGN_IDENTITY = "-";
				COPY_PHASE_STRIP = NO;
				DEBUG_INFORMATION_FORMAT = dwarf;
				ENABLE_STRICT_OBJC_MSGSEND = YES;
				ENABLE_TESTABILITY = YES;
				GCC_C_LANGUAGE_STANDARD = gnu99;
				GCC_DYNAMIC_NO_PIC = NO;
				GCC_NO_COMMON_BLOCKS = YES;
				GCC_OPTIMIZATION_LEVEL = 0;
				GCC_PREPROCESSOR_DEFINITIONS = (
					"DEBUG=1",
					"$(inherited)",
				);
				GCC_WARN_64_TO_32_BIT_CONVERSION = YES;
				GCC_WARN_ABOUT_RETURN_TYPE = YES_ERROR;
				GCC_WARN_UNDECLARED_SELECTOR = YES;
				GCC_WARN_UNINITIALIZED_AUTOS = YES_AGGRESSIVE;
				GCC_WARN_UNUSED_FUNCTION = YES;
				GCC_WARN_UNUSED_VARIABLE = YES;
				MACOSX_DEPLOYMENT_TARGET = 10.10;
				MTL_ENABLE_DEBUG_INFO = YES;
				ONLY_ACTIVE_ARCH = YES;
				SDKROOT = macosx;
				SWIFT_OPTIMIZATION_LEVEL = "-Onone";
			};
			name = Debug;
		};
		D94CBE061C40C9B900E41A14 /* Release */ = {
			isa = XCBuildConfiguration;
			buildSettings = {
				ALWAYS_SEARCH_USER_PATHS = NO;
				CLANG_CXX_LANGUAGE_STANDARD = "gnu++0x";
				CLANG_CXX_LIBRARY = "libc++";
				CLANG_ENABLE_MODULES = YES;
				CLANG_ENABLE_OBJC_ARC = YES;
				CLANG_WARN_BOOL_CONVERSION = YES;
				CLANG_WARN_CONSTANT_CONVERSION = YES;
				CLANG_WARN_DIRECT_OBJC_ISA_USAGE = YES_ERROR;
				CLANG_WARN_EMPTY_BODY = YES;
				CLANG_WARN_ENUM_CONVERSION = YES;
				CLANG_WARN_INT_CONVERSION = YES;
				CLANG_WARN_OBJC_ROOT_CLASS = YES_ERROR;
				CLANG_WARN_UNREACHABLE_CODE = YES;
				CLANG_WARN__DUPLICATE_METHOD_MATCH = YES;
				CODE_SIGN_IDENTITY = "-";
				COPY_PHASE_STRIP = NO;
				DEBUG_INFORMATION_FORMAT = "dwarf-with-dsym";
				ENABLE_NS_ASSERTIONS = NO;
				ENABLE_STRICT_OBJC_MSGSEND = YES;
				GCC_C_LANGUAGE_STANDARD = gnu99;
				GCC_NO_COMMON_BLOCKS = YES;
				GCC_WARN_64_TO_32_BIT_CONVERSION = YES;
				GCC_WARN_ABOUT_RETURN_TYPE = YES_ERROR;
				GCC_WARN_UNDECLARED_SELECTOR = YES;
				GCC_WARN_UNINITIALIZED_AUTOS = YES_AGGRESSIVE;
				GCC_WARN_UNUSED_FUNCTION = YES;
				GCC_WARN_UNUSED_VARIABLE = YES;
				MACOSX_DEPLOYMENT_TARGET = 10.10;
				MTL_ENABLE_DEBUG_INFO = NO;
				SDKROOT = macosx;
			};
			name = Release;
		};
		D94CBE081C40C9B900E41A14 /* Debug */ = {
			isa = XCBuildConfiguration;
			buildSettings = {
				ASSETCATALOG_COMPILER_APPICON_NAME = AppIcon;
				COMBINE_HIDPI_IMAGES = YES;
				INFOPLIST_FILE = SyncthingBar/Info.plist;
				LD_RUNPATH_SEARCH_PATHS = "$(inherited) @executable_path/../Frameworks";
				PRODUCT_BUNDLE_IDENTIFIER = pro.pictoria.SyncthingBar;
				PRODUCT_NAME = "$(TARGET_NAME)";
			};
			name = Debug;
		};
		D94CBE091C40C9B900E41A14 /* Release */ = {
			isa = XCBuildConfiguration;
			buildSettings = {
				ASSETCATALOG_COMPILER_APPICON_NAME = AppIcon;
				COMBINE_HIDPI_IMAGES = YES;
				INFOPLIST_FILE = SyncthingBar/Info.plist;
				LD_RUNPATH_SEARCH_PATHS = "$(inherited) @executable_path/../Frameworks";
				PRODUCT_BUNDLE_IDENTIFIER = pro.pictoria.SyncthingBar;
				PRODUCT_NAME = "$(TARGET_NAME)";
			};
			name = Release;
		};
/* End XCBuildConfiguration section */

/* Begin XCConfigurationList section */
		D94CBDF51C40C9B900E41A14 /* Build configuration list for PBXProject "SyncthingBar" */ = {
			isa = XCConfigurationList;
			buildConfigurations = (
				D94CBE051C40C9B900E41A14 /* Debug */,
				D94CBE061C40C9B900E41A14 /* Release */,
			);
			defaultConfigurationIsVisible = 0;
			defaultConfigurationName = Release;
		};
		D94CBE071C40C9B900E41A14 /* Build configuration list for PBXNativeTarget "SyncthingBar" */ = {
			isa = XCConfigurationList;
			buildConfigurations = (
				D94CBE081C40C9B900E41A14 /* Debug */,
				D94CBE091C40C9B900E41A14 /* Release */,
			);
			defaultConfigurationIsVisible = 0;
			defaultConfigurationName = Release;
		};
/* End XCConfigurationList section */
	};
	rootObject = D94CBDF21C40C9B900E41A14 /* Project object */;
}
